
Microsoft Visual Studio Solution File, Format Version 12.00
# Visual Studio Version 16
VisualStudioVersion = 16.0.30413.136
MinimumVisualStudioVersion = 10.0.40219.1
Project("{FAE04EC0-301F-11D3-BF4B-00C04F79EFBC}") = "Zinsrechner", "Zinsrechner\Zinsrechner.csproj", "{C8367376-A50F-4A1E-9E6B-E0911C48D6BA}"
EndProject
Global
	GlobalSection(SolutionConfigurationPlatforms) = preSolution
		Debug|Any CPU = Debug|Any CPU
		Release|Any CPU = Release|Any CPU
	EndGlobalSection
	GlobalSection(ProjectConfigurationPlatforms) = postSolution
		{C8367376-A50F-4A1E-9E6B-E0911C48D6BA}.Debug|Any CPU.ActiveCfg = Debug|Any CPU
		{C8367376-A50F-4A1E-9E6B-E0911C48D6BA}.Debug|Any CPU.Build.0 = Debug|Any CPU
		{C8367376-A50F-4A1E-9E6B-E0911C48D6BA}.Release|Any CPU.ActiveCfg = Release|Any CPU
		{C8367376-A50F-4A1E-9E6B-E0911C48D6BA}.Release|Any CPU.Build.0 = Release|Any CPU
	EndGlobalSection
	GlobalSection(SolutionProperties) = preSolution
		HideSolutionNode = FALSE
	EndGlobalSection
	GlobalSection(ExtensibilityGlobals) = postSolution
		SolutionGuid = {FD615B2D-FAA7-46C8-ADFD-4ED04073ABD6}
	EndGlobalSection
EndGlobal
